
Microsoft Visual Studio Solution File, Format Version 12.00
# Visual Studio Version 17
VisualStudioVersion = 17.10.35027.167
MinimumVisualStudioVersion = 10.0.40219.1
Project("{FAE04EC0-301F-11D3-BF4B-00C04F79EFBC}") = "Chuong1_Bai2", "BuoiThucHanh1\Chuong1_Bai2\Chuong1_Bai2.csproj", "{5120B365-2DE6-4C82-B596-30CBA18333CF}"
EndProject
Project("{FAE04EC0-301F-11D3-BF4B-00C04F79EFBC}") = "Chuong1_Bai3", "BuoiThucHanh1\Chuong1_Bai3\Chuong1_Bai3.csproj", "{5A69BD19-656F-43C9-AE0F-A1A2150F7A18}"
EndProject
Project("{FAE04EC0-301F-11D3-BF4B-00C04F79EFBC}") = "Chuong1_Bai4", "BuoiThucHanh1\Chuong1_Bai4\Chuong1_Bai4.csproj", "{296B65A1-0868-4D70-BFA3-94CDADB4088C}"
EndProject
Project("{FAE04EC0-301F-11D3-BF4B-00C04F79EFBC}") = "Chuong1_Bai5", "BuoiThucHanh1\Chuong1_Bai5\Chuong1_Bai5.csproj", "{30DB7DA7-4A3A-4748-86CA-478184E83F65}"
EndProject
Project("{FAE04EC0-301F-11D3-BF4B-00C04F79EFBC}") = "Chuong1_Bai6", "BuoiThucHanh1\Chuong1_Bai6\Chuong1_Bai6.csproj", "{77E05B4E-EF06-4C3D-9250-3AFEB85E75C2}"
EndProject
Project("{FAE04EC0-301F-11D3-BF4B-00C04F79EFBC}") = "Chuong1_Bai7", "BuoiThucHanh1\Chuong1_Bai7\Chuong1_Bai7.csproj", "{A9822CF9-0E91-421B-B348-17DCB352E301}"
EndProject
Project("{FAE04EC0-301F-11D3-BF4B-00C04F79EFBC}") = "Chuong1_Bai8", "BuoiThucHanh1\Chuong1_Bai8\Chuong1_Bai8.csproj", "{576842FE-93BE-4160-B345-1183D0915805}"
EndProject
Project("{FAE04EC0-301F-11D3-BF4B-00C04F79EFBC}") = "BuoiTH1_Bai1", "BuoiThucHanh1\Chuong1_Bai1\BuoiTH1_Bai1.csproj", "{8CDB2421-D94F-4B0C-85D8-82DAA0E135B0}"
EndProject
Global
	GlobalSection(SolutionConfigurationPlatforms) = preSolution
		Debug|Any CPU = Debug|Any CPU
		Release|Any CPU = Release|Any CPU
	EndGlobalSection
	GlobalSection(ProjectConfigurationPlatforms) = postSolution
		{5120B365-2DE6-4C82-B596-30CBA18333CF}.Debug|Any CPU.ActiveCfg = Debug|Any CPU
		{5120B365-2DE6-4C82-B596-30CBA18333CF}.Debug|Any CPU.Build.0 = Debug|Any CPU
		{5120B365-2DE6-4C82-B596-30CBA18333CF}.Release|Any CPU.ActiveCfg = Release|Any CPU
		{5120B365-2DE6-4C82-B596-30CBA18333CF}.Release|Any CPU.Build.0 = Release|Any CPU
		{5A69BD19-656F-43C9-AE0F-A1A2150F7A18}.Debug|Any CPU.ActiveCfg = Debug|Any CPU
		{5A69BD19-656F-43C9-AE0F-A1A2150F7A18}.Debug|Any CPU.Build.0 = Debug|Any CPU
		{5A69BD19-656F-43C9-AE0F-A1A2150F7A18}.Release|Any CPU.ActiveCfg = Release|Any CPU
		{5A69BD19-656F-43C9-AE0F-A1A2150F7A18}.Release|Any CPU.Build.0 = Release|Any CPU
		{296B65A1-0868-4D70-BFA3-94CDADB4088C}.Debug|Any CPU.ActiveCfg = Debug|Any CPU
		{296B65A1-0868-4D70-BFA3-94CDADB4088C}.Debug|Any CPU.Build.0 = Debug|Any CPU
		{296B65A1-0868-4D70-BFA3-94CDADB4088C}.Release|Any CPU.ActiveCfg = Release|Any CPU
		{296B65A1-0868-4D70-BFA3-94CDADB4088C}.Release|Any CPU.Build.0 = Release|Any CPU
		{30DB7DA7-4A3A-4748-86CA-478184E83F65}.Debug|Any CPU.ActiveCfg = Debug|Any CPU
		{30DB7DA7-4A3A-4748-86CA-478184E83F65}.Debug|Any CPU.Build.0 = Debug|Any CPU
		{30DB7DA7-4A3A-4748-86CA-478184E83F65}.Release|Any CPU.ActiveCfg = Release|Any CPU
		{30DB7DA7-4A3A-4748-86CA-478184E83F65}.Release|Any CPU.Build.0 = Release|Any CPU
		{77E05B4E-EF06-4C3D-9250-3AFEB85E75C2}.Debug|Any CPU.ActiveCfg = Debug|Any CPU
		{77E05B4E-EF06-4C3D-9250-3AFEB85E75C2}.Debug|Any CPU.Build.0 = Debug|Any CPU
		{77E05B4E-EF06-4C3D-9250-3AFEB85E75C2}.Release|Any CPU.ActiveCfg = Release|Any CPU
		{77E05B4E-EF06-4C3D-9250-3AFEB85E75C2}.Release|Any CPU.Build.0 = Release|Any CPU
		{A9822CF9-0E91-421B-B348-17DCB352E301}.Debug|Any CPU.ActiveCfg = Debug|Any CPU
		{A9822CF9-0E91-421B-B348-17DCB352E301}.Debug|Any CPU.Build.0 = Debug|Any CPU
		{A9822CF9-0E91-421B-B348-17DCB352E301}.Release|Any CPU.ActiveCfg = Release|Any CPU
		{A9822CF9-0E91-421B-B348-17DCB352E301}.Release|Any CPU.Build.0 = Release|Any CPU
		{576842FE-93BE-4160-B345-1183D0915805}.Debug|Any CPU.ActiveCfg = Debug|Any CPU
		{576842FE-93BE-4160-B345-1183D0915805}.Debug|Any CPU.Build.0 = Debug|Any CPU
		{576842FE-93BE-4160-B345-1183D0915805}.Release|Any CPU.ActiveCfg = Release|Any CPU
		{576842FE-93BE-4160-B345-1183D0915805}.Release|Any CPU.Build.0 = Release|Any CPU
		{8CDB2421-D94F-4B0C-85D8-82DAA0E135B0}.Debug|Any CPU.ActiveCfg = Debug|Any CPU
		{8CDB2421-D94F-4B0C-85D8-82DAA0E135B0}.Debug|Any CPU.Build.0 = Debug|Any CPU
		{8CDB2421-D94F-4B0C-85D8-82DAA0E135B0}.Release|Any CPU.ActiveCfg = Release|Any CPU
		{8CDB2421-D94F-4B0C-85D8-82DAA0E135B0}.Release|Any CPU.Build.0 = Release|Any CPU
	EndGlobalSection
	GlobalSection(SolutionProperties) = preSolution
		HideSolutionNode = FALSE
	EndGlobalSection
	GlobalSection(ExtensibilityGlobals) = postSolution
		SolutionGuid = {00547FF3-2478-4F69-99B0-A34DD6BDD073}
	EndGlobalSection
EndGlobal
